
Microsoft Visual Studio Solution File, Format Version 12.00
# Visual Studio 15
VisualStudioVersion = 15.0.28307.102
MinimumVisualStudioVersion = 10.0.40219.1
Project("{9A19103F-16F7-4668-BE54-9A1E7A4F7556}") = "NetCorePostgre.Application.Api", "NetCorePostgre.Application.Api\NetCorePostgre.Application.Api.csproj", "{4CA0C9ED-B539-488F-B74C-109247EF45C3}"
EndProject
Project("{9A19103F-16F7-4668-BE54-9A1E7A4F7556}") = "NetCorePostgre.Domain", "NetCorePostgre.Domain\NetCorePostgre.Domain.csproj", "{BA1D4F2D-C518-4F6C-BFF7-90842893AC4B}"
EndProject
Project("{9A19103F-16F7-4668-BE54-9A1E7A4F7556}") = "NetCorePostgre.Infrastructure", "NetCorePostgre.Infrastructure\NetCorePostgre.Infrastructure.csproj", "{C754E68E-70BC-4119-9047-2554CC0154A1}"
EndProject
Project("{9A19103F-16F7-4668-BE54-9A1E7A4F7556}") = "NetCorePostgre.Domain.Repository", "NetCorePostgre.Domain.Repository\NetCorePostgre.Domain.Repository.csproj", "{4E47CDCC-DC3E-4DEC-8E65-123ECCC95D3E}"
EndProject
Project("{9A19103F-16F7-4668-BE54-9A1E7A4F7556}") = "NetCorePostgre.Test", "NetCorePostgre.Test\NetCorePostgre.Test.csproj", "{FFA7872E-732C-46FD-A424-58EB394F62F8}"
EndProject
Project("{9A19103F-16F7-4668-BE54-9A1E7A4F7556}") = "NetCorePostgre.Application.Service", "NetCorePostgre.Application.Service\NetCorePostgre.Application.Service.csproj", "{F2423A58-3A34-46AF-B1F1-0A87F6DC8B7B}"
EndProject
Project("{9A19103F-16F7-4668-BE54-9A1E7A4F7556}") = "NetCorePostgre.Application.Model", "NetCorePostgre.Application.Model\NetCorePostgre.Application.Model.csproj", "{525A708C-25E6-49F7-9580-6A517E6EECC8}"
EndProject
Global
	GlobalSection(SolutionConfigurationPlatforms) = preSolution
		Debug|Any CPU = Debug|Any CPU
		Release|Any CPU = Release|Any CPU
	EndGlobalSection
	GlobalSection(ProjectConfigurationPlatforms) = postSolution
		{4CA0C9ED-B539-488F-B74C-109247EF45C3}.Debug|Any CPU.ActiveCfg = Debug|Any CPU
		{4CA0C9ED-B539-488F-B74C-109247EF45C3}.Debug|Any CPU.Build.0 = Debug|Any CPU
		{4CA0C9ED-B539-488F-B74C-109247EF45C3}.Release|Any CPU.ActiveCfg = Release|Any CPU
		{4CA0C9ED-B539-488F-B74C-109247EF45C3}.Release|Any CPU.Build.0 = Release|Any CPU
		{BA1D4F2D-C518-4F6C-BFF7-90842893AC4B}.Debug|Any CPU.ActiveCfg = Debug|Any CPU
		{BA1D4F2D-C518-4F6C-BFF7-90842893AC4B}.Debug|Any CPU.Build.0 = Debug|Any CPU
		{BA1D4F2D-C518-4F6C-BFF7-90842893AC4B}.Release|Any CPU.ActiveCfg = Release|Any CPU
		{BA1D4F2D-C518-4F6C-BFF7-90842893AC4B}.Release|Any CPU.Build.0 = Release|Any CPU
		{C754E68E-70BC-4119-9047-2554CC0154A1}.Debug|Any CPU.ActiveCfg = Debug|Any CPU
		{C754E68E-70BC-4119-9047-2554CC0154A1}.Debug|Any CPU.Build.0 = Debug|Any CPU
		{C754E68E-70BC-4119-9047-2554CC0154A1}.Release|Any CPU.ActiveCfg = Release|Any CPU
		{C754E68E-70BC-4119-9047-2554CC0154A1}.Release|Any CPU.Build.0 = Release|Any CPU
		{4E47CDCC-DC3E-4DEC-8E65-123ECCC95D3E}.Debug|Any CPU.ActiveCfg = Debug|Any CPU
		{4E47CDCC-DC3E-4DEC-8E65-123ECCC95D3E}.Debug|Any CPU.Build.0 = Debug|Any CPU
		{4E47CDCC-DC3E-4DEC-8E65-123ECCC95D3E}.Release|Any CPU.ActiveCfg = Release|Any CPU
		{4E47CDCC-DC3E-4DEC-8E65-123ECCC95D3E}.Release|Any CPU.Build.0 = Release|Any CPU
		{FFA7872E-732C-46FD-A424-58EB394F62F8}.Debug|Any CPU.ActiveCfg = Debug|Any CPU
		{FFA7872E-732C-46FD-A424-58EB394F62F8}.Debug|Any CPU.Build.0 = Debug|Any CPU
		{FFA7872E-732C-46FD-A424-58EB394F62F8}.Release|Any CPU.ActiveCfg = Release|Any CPU
		{FFA7872E-732C-46FD-A424-58EB394F62F8}.Release|Any CPU.Build.0 = Release|Any CPU
		{F2423A58-3A34-46AF-B1F1-0A87F6DC8B7B}.Debug|Any CPU.ActiveCfg = Debug|Any CPU
		{F2423A58-3A34-46AF-B1F1-0A87F6DC8B7B}.Debug|Any CPU.Build.0 = Debug|Any CPU
		{F2423A58-3A34-46AF-B1F1-0A87F6DC8B7B}.Release|Any CPU.ActiveCfg = Release|Any CPU
		{F2423A58-3A34-46AF-B1F1-0A87F6DC8B7B}.Release|Any CPU.Build.0 = Release|Any CPU
		{525A708C-25E6-49F7-9580-6A517E6EECC8}.Debug|Any CPU.ActiveCfg = Debug|Any CPU
		{525A708C-25E6-49F7-9580-6A517E6EECC8}.Debug|Any CPU.Build.0 = Debug|Any CPU
		{525A708C-25E6-49F7-9580-6A517E6EECC8}.Release|Any CPU.ActiveCfg = Release|Any CPU
		{525A708C-25E6-49F7-9580-6A517E6EECC8}.Release|Any CPU.Build.0 = Release|Any CPU
	EndGlobalSection
	GlobalSection(SolutionProperties) = preSolution
		HideSolutionNode = FALSE
	EndGlobalSection
	GlobalSection(ExtensibilityGlobals) = postSolution
		SolutionGuid = {4C520CA0-32F9-4865-993A-515FC3CD677D}
	EndGlobalSection
EndGlobal
